
Microsoft Visual Studio Solution File, Format Version 12.00
# Visual Studio Version 17
VisualStudioVersion = 17.4.33110.190
MinimumVisualStudioVersion = 10.0.40219.1
Project("{FAE04EC0-301F-11D3-BF4B-00C04F79EFBC}") = "Task 5-04Arrays", "Task 5-04Arrays\Task 5-04Arrays.csproj", "{14B928C5-D6D0-4E86-918D-BB168C218654}"
EndProject
Global
	GlobalSection(SolutionConfigurationPlatforms) = preSolution
		Debug|Any CPU = Debug|Any CPU
		Release|Any CPU = Release|Any CPU
	EndGlobalSection
	GlobalSection(ProjectConfigurationPlatforms) = postSolution
		{14B928C5-D6D0-4E86-918D-BB168C218654}.Debug|Any CPU.ActiveCfg = Debug|Any CPU
		{14B928C5-D6D0-4E86-918D-BB168C218654}.Debug|Any CPU.Build.0 = Debug|Any CPU
		{14B928C5-D6D0-4E86-918D-BB168C218654}.Release|Any CPU.ActiveCfg = Release|Any CPU
		{14B928C5-D6D0-4E86-918D-BB168C218654}.Release|Any CPU.Build.0 = Release|Any CPU
	EndGlobalSection
	GlobalSection(SolutionProperties) = preSolution
		HideSolutionNode = FALSE
	EndGlobalSection
	GlobalSection(ExtensibilityGlobals) = postSolution
		SolutionGuid = {36B79E5B-7C95-4FDE-A284-7DA92F92B105}
	EndGlobalSection
EndGlobal
